
Microsoft Visual Studio Solution File, Format Version 12.00
# Visual Studio Version 16
VisualStudioVersion = 16.0.29102.190
MinimumVisualStudioVersion = 10.0.40219.1
Project("{FAE04EC0-301F-11D3-BF4B-00C04F79EFBC}") = "AireSpringTest.Core", "AireSpringTest.Core\AireSpringTest.Core.csproj", "{197971C3-FB58-4E9C-A9EA-846C77F1B87C}"
EndProject
Project("{FAE04EC0-301F-11D3-BF4B-00C04F79EFBC}") = "AireSpringTest.Infrastructure", "AireSpringTest.Infrastructure\AireSpringTest.Infrastructure.csproj", "{21CB92C0-B989-4BBC-815A-A36EBF997549}"
EndProject
Project("{FAE04EC0-301F-11D3-BF4B-00C04F79EFBC}") = "AireSpringTest.Web", "AireSpringTest.Web\AireSpringTest.Web.csproj", "{3F5B62FD-D8A3-4D34-83C4-6BABA0EBB34E}"
EndProject
Global
	GlobalSection(SolutionConfigurationPlatforms) = preSolution
		Debug|Any CPU = Debug|Any CPU
		Release|Any CPU = Release|Any CPU
	EndGlobalSection
	GlobalSection(ProjectConfigurationPlatforms) = postSolution
		{197971C3-FB58-4E9C-A9EA-846C77F1B87C}.Debug|Any CPU.ActiveCfg = Debug|Any CPU
		{197971C3-FB58-4E9C-A9EA-846C77F1B87C}.Debug|Any CPU.Build.0 = Debug|Any CPU
		{197971C3-FB58-4E9C-A9EA-846C77F1B87C}.Release|Any CPU.ActiveCfg = Release|Any CPU
		{197971C3-FB58-4E9C-A9EA-846C77F1B87C}.Release|Any CPU.Build.0 = Release|Any CPU
		{21CB92C0-B989-4BBC-815A-A36EBF997549}.Debug|Any CPU.ActiveCfg = Debug|Any CPU
		{21CB92C0-B989-4BBC-815A-A36EBF997549}.Debug|Any CPU.Build.0 = Debug|Any CPU
		{21CB92C0-B989-4BBC-815A-A36EBF997549}.Release|Any CPU.ActiveCfg = Release|Any CPU
		{21CB92C0-B989-4BBC-815A-A36EBF997549}.Release|Any CPU.Build.0 = Release|Any CPU
		{3F5B62FD-D8A3-4D34-83C4-6BABA0EBB34E}.Debug|Any CPU.ActiveCfg = Debug|Any CPU
		{3F5B62FD-D8A3-4D34-83C4-6BABA0EBB34E}.Debug|Any CPU.Build.0 = Debug|Any CPU
		{3F5B62FD-D8A3-4D34-83C4-6BABA0EBB34E}.Release|Any CPU.ActiveCfg = Release|Any CPU
		{3F5B62FD-D8A3-4D34-83C4-6BABA0EBB34E}.Release|Any CPU.Build.0 = Release|Any CPU
	EndGlobalSection
	GlobalSection(SolutionProperties) = preSolution
		HideSolutionNode = FALSE
	EndGlobalSection
	GlobalSection(ExtensibilityGlobals) = postSolution
		SolutionGuid = {C4F0FC6D-70E0-4397-A65A-93E044942E8D}
	EndGlobalSection
EndGlobal
